Microsoft Visual Studio Solution File, Format Version 12.00
# Visual Studio Version 16
VisualStudioVersion = 16.0.0.0
MinimumVisualStudioVersion = 16.0.0.0
Project("{9A19103F-16F7-4668-BE54-9A1E7A4F7556}") = "SecretGifter", "SecretGifter\SecretGifter.csproj", "{152E46D0-FE15-4236-9949-D7472C30F194}"
EndProject
Project("{9A19103F-16F7-4668-BE54-9A1E7A4F7556}") = "SecretGifter.Client", "SecretGifter.Client\SecretGifter.Client.csproj", "{49798837-E6FB-495B-A42B-9E543A79BD9D}"
EndProject
Global
	GlobalSection(SolutionConfigurationPlatforms) = preSolution
		Debug|Any CPU = Debug|Any CPU
		Debug|x64 = Debug|x64
		Debug|x86 = Debug|x86
		Release|Any CPU = Release|Any CPU
		Release|x64 = Release|x64
		Release|x86 = Release|x86
	EndGlobalSection
	GlobalSection(ProjectConfigurationPlatforms) = postSolution
		{49798837-E6FB-495B-A42B-9E543A79BD9D}.Debug|Any CPU.ActiveCfg = Debug|Any CPU
		{49798837-E6FB-495B-A42B-9E543A79BD9D}.Debug|Any CPU.Build.0 = Debug|Any CPU
		{49798837-E6FB-495B-A42B-9E543A79BD9D}.Debug|x64.ActiveCfg = Debug|Any CPU
		{49798837-E6FB-495B-A42B-9E543A79BD9D}.Debug|x64.Build.0 = Debug|Any CPU
		{49798837-E6FB-495B-A42B-9E543A79BD9D}.Debug|x86.ActiveCfg = Debug|Any CPU
		{49798837-E6FB-495B-A42B-9E543A79BD9D}.Debug|x86.Build.0 = Debug|Any CPU
		{49798837-E6FB-495B-A42B-9E543A79BD9D}.Release|Any CPU.ActiveCfg = Release|Any CPU
		{49798837-E6FB-495B-A42B-9E543A79BD9D}.Release|Any CPU.Build.0 = Release|Any CPU
		{49798837-E6FB-495B-A42B-9E543A79BD9D}.Release|x64.ActiveCfg = Release|Any CPU
		{49798837-E6FB-495B-A42B-9E543A79BD9D}.Release|x64.Build.0 = Release|Any CPU
		{49798837-E6FB-495B-A42B-9E543A79BD9D}.Release|x86.ActiveCfg = Release|Any CPU
		{49798837-E6FB-495B-A42B-9E543A79BD9D}.Release|x86.Build.0 = Release|Any CPU
		{152E46D0-FE15-4236-9949-D7472C30F194}.Debug|Any CPU.ActiveCfg = Debug|Any CPU
		{152E46D0-FE15-4236-9949-D7472C30F194}.Debug|Any CPU.Build.0 = Debug|Any CPU
		{152E46D0-FE15-4236-9949-D7472C30F194}.Debug|x64.ActiveCfg = Debug|Any CPU
		{152E46D0-FE15-4236-9949-D7472C30F194}.Debug|x64.Build.0 = Debug|Any CPU
		{152E46D0-FE15-4236-9949-D7472C30F194}.Debug|x86.ActiveCfg = Debug|Any CPU
		{152E46D0-FE15-4236-9949-D7472C30F194}.Debug|x86.Build.0 = Debug|Any CPU
		{152E46D0-FE15-4236-9949-D7472C30F194}.Release|Any CPU.ActiveCfg = Release|Any CPU
		{152E46D0-FE15-4236-9949-D7472C30F194}.Release|Any CPU.Build.0 = Release|Any CPU
		{152E46D0-FE15-4236-9949-D7472C30F194}.Release|x64.ActiveCfg = Release|Any CPU
		{152E46D0-FE15-4236-9949-D7472C30F194}.Release|x64.Build.0 = Release|Any CPU
		{152E46D0-FE15-4236-9949-D7472C30F194}.Release|x86.ActiveCfg = Release|Any CPU
		{152E46D0-FE15-4236-9949-D7472C30F194}.Release|x86.Build.0 = Release|Any CPU
	EndGlobalSection
	GlobalSection(SolutionProperties) = preSolution
		HideSolutionNode = FALSE
	EndGlobalSection
	GlobalSection(ExtensibilityGlobals) = postSolution
		SolutionGuid = {1BFBCFA1-838B-447E-BE38-7EC4AE4BE4F3}
	EndGlobalSection
EndGlobal
